// !$*UTF8*$!
{
	archiveVersion = 1;
	classes = {
	};
	objectVersion = 55;
	objects = {

/* Begin PBXBuildFile section */
		AA00B73E2771BCA700CFA0AA /* ZIDRootTableViewController.swift in Sources */ = {isa = PBXBuildFile; fileRef = AA00B73D2771BCA700CFA0AA /* ZIDRootTableViewController.swift */; };
		AA00B7402771C50400CFA0AA /* ZImageSets.swift in Sources */ = {isa = PBXBuildFile; fileRef = AA00B73F2771C50400CFA0AA /* ZImageSets.swift */; };
		AA00B7422771CEF000CFA0AA /* ZCollectionViewController.swift in Sources */ = {isa = PBXBuildFile; fileRef = AA00B7412771CEF000CFA0AA /* ZCollectionViewController.swift */; };
		AA00B7442771D19100CFA0AA /* ZCollectionViewCell.swift in Sources */ = {isa = PBXBuildFile; fileRef = AA00B7432771D19100CFA0AA /* ZCollectionViewCell.swift */; };
		AA00B7462771D70D00CFA0AA /* ZDrawerViewController.swift in Sources */ = {isa = PBXBuildFile; fileRef = AA00B7452771D70D00CFA0AA /* ZDrawerViewController.swift */; };
		AA00B7482771D90D00CFA0AA /* ZDrawerViewCell.swift in Sources */ = {isa = PBXBuildFile; fileRef = AA00B7472771D90D00CFA0AA /* ZDrawerViewCell.swift */; };
		AA00B74C2771FB2300CFA0AA /* ZImageViewController.swift in Sources */ = {isa = PBXBuildFile; fileRef = AA00B74B2771FB2300CFA0AA /* ZImageViewController.swift */; };
		AA8D47D22771B2EE00FB0749 /* AppDelegate.swift in Sources */ = {isa = PBXBuildFile; fileRef = AA8D47D12771B2EE00FB0749 /* AppDelegate.swift */; };
		AA8D47D42771B2EE00FB0749 /* SceneDelegate.swift in Sources */ = {isa = PBXBuildFile; fileRef = AA8D47D32771B2EE00FB0749 /* SceneDelegate.swift */; };
		AA8D47D62771B2EE00FB0749 /* ZPickerViewController.swift in Sources */ = {isa = PBXBuildFile; fileRef = AA8D47D52771B2EE00FB0749 /* ZPickerViewController.swift */; };
		AA8D47D92771B2EE00FB0749 /* Main.storyboard in Resources */ = {isa = PBXBuildFile; fileRef = AA8D47D72771B2EE00FB0749 /* Main.storyboard */; };
		AA8D47DB2771B2EF00FB0749 /* Assets.xcassets in Resources */ = {isa = PBXBuildFile; fileRef = AA8D47DA2771B2EF00FB0749 /* Assets.xcassets */; };
		AA8D47DE2771B2EF00FB0749 /* LaunchScreen.storyboard in Resources */ = {isa = PBXBuildFile; fileRef = AA8D47DC2771B2EF00FB0749 /* LaunchScreen.storyboard */; };
		AA8D47E92771B2F000FB0749 /* Image_DrawerTests.swift in Sources */ = {isa = PBXBuildFile; fileRef = AA8D47E82771B2F000FB0749 /* Image_DrawerTests.swift */; };
		AA8D47F32771B2F000FB0749 /* Image_DrawerUITests.swift in Sources */ = {isa = PBXBuildFile; fileRef = AA8D47F22771B2F000FB0749 /* Image_DrawerUITests.swift */; };
		AA8D47F52771B2F000FB0749 /* Image_DrawerUITestsLaunchTests.swift in Sources */ = {isa = PBXBuildFile; fileRef = AA8D47F42771B2F000FB0749 /* Image_DrawerUITestsLaunchTests.swift */; };
		AA8D48022771B37100FB0749 /* snacks.mlmodel in Sources */ = {isa = PBXBuildFile; fileRef = AA8D48012771B37100FB0749 /* snacks.mlmodel */; };
/* End PBXBuildFile section */

/* Begin PBXContainerItemProxy section */
		AA8D47E52771B2F000FB0749 /* PBXContainerItemProxy */ = {
			isa = PBXContainerItemProxy;
			containerPortal = AA8D47C62771B2EE00FB0749 /* Project object */;
			proxyType = 1;
			remoteGlobalIDString = AA8D47CD2771B2EE00FB0749;
			remoteInfo = "Image Drawer";
		};
		AA8D47EF2771B2F000FB0749 /* PBXContainerItemProxy */ = {
			isa = PBXContainerItemProxy;
			containerPortal = AA8D47C62771B2EE00FB0749 /* Project object */;
			proxyType = 1;
			remoteGlobalIDString = AA8D47CD2771B2EE00FB0749;
			remoteInfo = "Image Drawer";
		};
/* End PBXContainerItemProxy section */

/* Begin PBXFileReference section */
		AA00B73D2771BCA700CFA0AA /* ZIDRootTableViewController.swift */ = {isa = PBXFileReference; lastKnownFileType = sourcecode.swift; path = ZIDRootTableViewController.swift; sourceTree = "<group>"; };
		AA00B73F2771C50400CFA0AA /* ZImageSets.swift */ = {isa = PBXFileReference; lastKnownFileType = sourcecode.swift; path = ZImageSets.swift; sourceTree = "<group>"; };
		AA00B7412771CEF000CFA0AA /* ZCollectionViewController.swift */ = {isa = PBXFileReference; lastKnownFileType = sourcecode.swift; path = ZCollectionViewController.swift; sourceTree = "<group>"; };
		AA00B7432771D19100CFA0AA /* ZCollectionViewCell.swift */ = {isa = PBXFileReference; lastKnownFileType = sourcecode.swift; path = ZCollectionViewCell.swift; sourceTree = "<group>"; };
		AA00B7452771D70D00CFA0AA /* ZDrawerViewController.swift */ = {isa = PBXFileReference; lastKnownFileType = sourcecode.swift; path = ZDrawerViewController.swift; sourceTree = "<group>"; };
		AA00B7472771D90D00CFA0AA /* ZDrawerViewCell.swift */ = {isa = PBXFileReference; lastKnownFileType = sourcecode.swift; path = ZDrawerViewCell.swift; sourceTree = "<group>"; };
		AA00B74B2771FB2300CFA0AA /* ZImageViewController.swift */ = {isa = PBXFileReference; lastKnownFileType = sourcecode.swift; path = ZImageViewController.swift; sourceTree = "<group>"; };
		AA8D47CE2771B2EE00FB0749 /* Image Drawer.app */ = {isa = PBXFileReference; explicitFileType = wrapper.application; includeInIndex = 0; path = "Image Drawer.app"; sourceTree = BUILT_PRODUCTS_DIR; };
		AA8D47D12771B2EE00FB0749 /* AppDelegate.swift */ = {isa = PBXFileReference; lastKnownFileType = sourcecode.swift; path = AppDelegate.swift; sourceTree = "<group>"; };
		AA8D47D32771B2EE00FB0749 /* SceneDelegate.swift */ = {isa = PBXFileReference; lastKnownFileType = sourcecode.swift; path = SceneDelegate.swift; sourceTree = "<group>"; };
		AA8D47D52771B2EE00FB0749 /* ZPickerViewController.swift */ = {isa = PBXFileReference; lastKnownFileType = sourcecode.swift; path = ZPickerViewController.swift; sourceTree = "<group>"; };
		AA8D47D82771B2EE00FB0749 /* Base */ = {isa = PBXFileReference; lastKnownFileType = file.storyboard; name = Base; path = Base.lproj/Main.storyboard; sourceTree = "<group>"; };
		AA8D47DA2771B2EF00FB0749 /* Assets.xcassets */ = {isa = PBXFileReference; lastKnownFileType = folder.assetcatalog; path = Assets.xcassets; sourceTree = "<group>"; };
		AA8D47DD2771B2EF00FB0749 /* Base */ = {isa = PBXFileReference; lastKnownFileType = file.storyboard; name = Base; path = Base.lproj/LaunchScreen.storyboard; sourceTree = "<group>"; };
		AA8D47DF2771B2EF00FB0749 /* Info.plist */ = {isa = PBXFileReference; lastKnownFileType = text.plist.xml; path = Info.plist; sourceTree = "<group>"; };
		AA8D47E42771B2F000FB0749 /* Image DrawerTests.xctest */ = {isa = PBXFileReference; explicitFileType = wrapper.cfbundle; includeInIndex = 0; path = "Image DrawerTests.xctest"; sourceTree = BUILT_PRODUCTS_DIR; };
		AA8D47E82771B2F000FB0749 /* Image_DrawerTests.swift */ = {isa = PBXFileReference; lastKnownFileType = sourcecode.swift; path = Image_DrawerTests.swift; sourceTree = "<group>"; };
		AA8D47EE2771B2F000FB0749 /* Image DrawerUITests.xctest */ = {isa = PBXFileReference; explicitFileType = wrapper.cfbundle; includeInIndex = 0; path = "Image DrawerUITests.xctest"; sourceTree = BUILT_PRODUCTS_DIR; };
		AA8D47F22771B2F000FB0749 /* Image_DrawerUITests.swift */ = {isa = PBXFileReference; lastKnownFileType = sourcecode.swift; path = Image_DrawerUITests.swift; sourceTree = "<group>"; };
		AA8D47F42771B2F000FB0749 /* Image_DrawerUITestsLaunchTests.swift */ = {isa = PBXFileReference; lastKnownFileType = sourcecode.swift; path = Image_DrawerUITestsLaunchTests.swift; sourceTree = "<group>"; };
		AA8D48012771B37100FB0749 /* snacks.mlmodel */ = {isa = PBXFileReference; lastKnownFileType = file.mlmodel; name = snacks.mlmodel; path = ../../snacks.mlmodel; sourceTree = "<group>"; };
/* End PBXFileReference section */

/* Begin PBXFrameworksBuildPhase section */
		AA8D47CB2771B2EE00FB0749 /* Frameworks */ = {
			isa = PBXFrameworksBuildPhase;
			buildActionMask = 2147483647;
			files = (
			);
			runOnlyForDeploymentPostprocessing = 0;
		};
		AA8D47E12771B2F000FB0749 /* Frameworks */ = {
			isa = PBXFrameworksBuildPhase;
			buildActionMask = 2147483647;
			files = (
			);
			runOnlyForDeploymentPostprocessing = 0;
		};
		AA8D47EB2771B2F000FB0749 /* Frameworks */ = {
			isa = PBXFrameworksBuildPhase;
			buildActionMask = 2147483647;
			files = (
			);
			runOnlyForDeploymentPostprocessing = 0;
		};
/* End PBXFrameworksBuildPhase section */

/* Begin PBXGroup section */
		AA8D47C52771B2EE00FB0749 = {
			isa = PBXGroup;
			children = (
				AA8D47D02771B2EE00FB0749 /* Image Drawer */,
				AA8D47E72771B2F000FB0749 /* Image DrawerTests */,
				AA8D47F12771B2F000FB0749 /* Image DrawerUITests */,
				AA8D47CF2771B2EE00FB0749 /* Products */,
			);
			sourceTree = "<group>";
		};
		AA8D47CF2771B2EE00FB0749 /* Products */ = {
			isa = PBXGroup;
			children = (
				AA8D47CE2771B2EE00FB0749 /* Image Drawer.app */,
				AA8D47E42771B2F000FB0749 /* Image DrawerTests.xctest */,
				AA8D47EE2771B2F000FB0749 /* Image DrawerUITests.xctest */,
			);
			name = Products;
			sourceTree = "<group>";
		};
		AA8D47D02771B2EE00FB0749 /* Image Drawer */ = {
			isa = PBXGroup;
			children = (
				AA8D48012771B37100FB0749 /* snacks.mlmodel */,
				AA8D47D12771B2EE00FB0749 /* AppDelegate.swift */,
				AA8D47D32771B2EE00FB0749 /* SceneDelegate.swift */,
				AA8D47D52771B2EE00FB0749 /* ZPickerViewController.swift */,
				AA8D47D72771B2EE00FB0749 /* Main.storyboard */,
				AA00B74B2771FB2300CFA0AA /* ZImageViewController.swift */,
				AA00B7472771D90D00CFA0AA /* ZDrawerViewCell.swift */,
				AA00B7452771D70D00CFA0AA /* ZDrawerViewController.swift */,
				AA00B7412771CEF000CFA0AA /* ZCollectionViewController.swift */,
				AA00B7432771D19100CFA0AA /* ZCollectionViewCell.swift */,
				AA00B73D2771BCA700CFA0AA /* ZIDRootTableViewController.swift */,
				AA00B73F2771C50400CFA0AA /* ZImageSets.swift */,
				AA8D47DA2771B2EF00FB0749 /* Assets.xcassets */,
				AA8D47DC2771B2EF00FB0749 /* LaunchScreen.storyboard */,
				AA8D47DF2771B2EF00FB0749 /* Info.plist */,
			);
			path = "Image Drawer";
			sourceTree = "<group>";
		};
		AA8D47E72771B2F000FB0749 /* Image DrawerTests */ = {
			isa = PBXGroup;
			children = (
				AA8D47E82771B2F000FB0749 /* Image_DrawerTests.swift */,
			);
			path = "Image DrawerTests";
			sourceTree = "<group>";
		};
		AA8D47F12771B2F000FB0749 /* Image DrawerUITests */ = {
			isa = PBXGroup;
			children = (
				AA8D47F22771B2F000FB0749 /* Image_DrawerUITests.swift */,
				AA8D47F42771B2F000FB0749 /* Image_DrawerUITestsLaunchTests.swift */,
			);
			path = "Image DrawerUITests";
			sourceTree = "<group>";
		};
/* End PBXGroup section */

/* Begin PBXNativeTarget section */
		AA8D47CD2771B2EE00FB0749 /* Image Drawer */ = {
			isa = PBXNativeTarget;
			buildConfigurationList = AA8D47F82771B2F000FB0749 /* Build configuration list for PBXNativeTarget "Image Drawer" */;
			buildPhases = (
				AA8D47CA2771B2EE00FB0749 /* Sources */,
				AA8D47CB2771B2EE00FB0749 /* Frameworks */,
				AA8D47CC2771B2EE00FB0749 /* Resources */,
			);
			buildRules = (
			);
			dependencies = (
			);
			name = "Image Drawer";
			productName = "Image Drawer";
			productReference = AA8D47CE2771B2EE00FB0749 /* Image Drawer.app */;
			productType = "com.apple.product-type.application";
		};
		AA8D47E32771B2F000FB0749 /* Image DrawerTests */ = {
			isa = PBXNativeTarget;
			buildConfigurationList = AA8D47FB2771B2F000FB0749 /* Build configuration list for PBXNativeTarget "Image DrawerTests" */;
			buildPhases = (
				AA8D47E02771B2F000FB0749 /* Sources */,
				AA8D47E12771B2F000FB0749 /* Frameworks */,
				AA8D47E22771B2F000FB0749 /* Resources */,
			);
			buildRules = (
			);
			dependencies = (
				AA8D47E62771B2F000FB0749 /* PBXTargetDependency */,
			);
			name = "Image DrawerTests";
			productName = "Image DrawerTests";
			productReference = AA8D47E42771B2F000FB0749 /* Image DrawerTests.xctest */;
			productType = "com.apple.product-type.bundle.unit-test";
		};
		AA8D47ED2771B2F000FB0749 /* Image DrawerUITests */ = {
			isa = PBXNativeTarget;
			buildConfigurationList = AA8D47FE2771B2F000FB0749 /* Build configuration list for PBXNativeTarget "Image DrawerUITests" */;
			buildPhases = (
				AA8D47EA2771B2F000FB0749 /* Sources */,
				AA8D47EB2771B2F000FB0749 /* Frameworks */,
				AA8D47EC2771B2F000FB0749 /* Resources */,
			);
			buildRules = (
			);
			dependencies = (
				AA8D47F02771B2F000FB0749 /* PBXTargetDependency */,
			);
			name = "Image DrawerUITests";
			productName = "Image DrawerUITests";
			productReference = AA8D47EE2771B2F000FB0749 /* Image DrawerUITests.xctest */;
			productType = "com.apple.product-type.bundle.ui-testing";
		};
/* End PBXNativeTarget section */

/* Begin PBXProject section */
		AA8D47C62771B2EE00FB0749 /* Project object */ = {
			isa = PBXProject;
			attributes = {
				BuildIndependentTargetsInParallel = 1;
				LastSwiftUpdateCheck = 1310;
				LastUpgradeCheck = 1310;
				TargetAttributes = {
					AA8D47CD2771B2EE00FB0749 = {
						CreatedOnToolsVersion = 13.1;
					};
					AA8D47E32771B2F000FB0749 = {
						CreatedOnToolsVersion = 13.1;
						TestTargetID = AA8D47CD2771B2EE00FB0749;
					};
					AA8D47ED2771B2F000FB0749 = {
						CreatedOnToolsVersion = 13.1;
						TestTargetID = AA8D47CD2771B2EE00FB0749;
					};
				};
			};
			buildConfigurationList = AA8D47C92771B2EE00FB0749 /* Build configuration list for PBXProject "Image Drawer" */;
			compatibilityVersion = "Xcode 13.0";
			developmentRegion = en;
			hasScannedForEncodings = 0;
			knownRegions = (
				en,
				Base,
			);
			mainGroup = AA8D47C52771B2EE00FB0749;
			productRefGroup = AA8D47CF2771B2EE00FB0749 /* Products */;
			projectDirPath = "";
			projectRoot = "";
			targets = (
				AA8D47CD2771B2EE00FB0749 /* Image Drawer */,
				AA8D47E32771B2F000FB0749 /* Image DrawerTests */,
				AA8D47ED2771B2F000FB0749 /* Image DrawerUITests */,
			);
		};
/* End PBXProject section */

/* Begin PBXResourcesBuildPhase section */
		AA8D47CC2771B2EE00FB0749 /* Resources */ = {
			isa = PBXResourcesBuildPhase;
			buildActionMask = 2147483647;
			files = (
				AA8D47DE2771B2EF00FB0749 /* LaunchScreen.storyboard in Resources */,
				AA8D47DB2771B2EF00FB0749 /* Assets.xcassets in Resources */,
				AA8D47D92771B2EE00FB0749 /* Main.storyboard in Resources */,
			);
			runOnlyForDeploymentPostprocessing = 0;
		};
		AA8D47E22771B2F000FB0749 /* Resources */ = {
			isa = PBXResourcesBuildPhase;
			buildActionMask = 2147483647;
			files = (
			);
			runOnlyForDeploymentPostprocessing = 0;
		};
		AA8D47EC2771B2F000FB0749 /* Resources */ = {
			isa = PBXResourcesBuildPhase;
			buildActionMask = 2147483647;
			files = (
			);
			runOnlyForDeploymentPostprocessing = 0;
		};
/* End PBXResourcesBuildPhase section */

/* Begin PBXSourcesBuildPhase section */
		AA8D47CA2771B2EE00FB0749 /* Sources */ = {
			isa = PBXSourcesBuildPhase;
			buildActionMask = 2147483647;
			files = (
				AA00B7482771D90D00CFA0AA /* ZDrawerViewCell.swift in Sources */,
				AA8D47D62771B2EE00FB0749 /* ZPickerViewController.swift in Sources */,
				AA00B7422771CEF000CFA0AA /* ZCollectionViewController.swift in Sources */,
				AA00B7462771D70D00CFA0AA /* ZDrawerViewController.swift in Sources */,
				AA00B7442771D19100CFA0AA /* ZCollectionViewCell.swift in Sources */,
				AA00B73E2771BCA700CFA0AA /* ZIDRootTableViewController.swift in Sources */,
				AA00B74C2771FB2300CFA0AA /* ZImageViewController.swift in Sources */,
				AA8D48022771B37100FB0749 /* snacks.mlmodel in Sources */,
				AA8D47D22771B2EE00FB0749 /* AppDelegate.swift in Sources */,
				AA8D47D42771B2EE00FB0749 /* SceneDelegate.swift in Sources */,
				AA00B7402771C50400CFA0AA /* ZImageSets.swift in Sources */,
			);
			runOnlyForDeploymentPostprocessing = 0;
		};
		AA8D47E02771B2F000FB0749 /* Sources */ = {
			isa = PBXSourcesBuildPhase;
			buildActionMask = 2147483647;
			files = (
				AA8D47E92771B2F000FB0749 /* Image_DrawerTests.swift in Sources */,
			);
			runOnlyForDeploymentPostprocessing = 0;
		};
		AA8D47EA2771B2F000FB0749 /* Sources */ = {
			isa = PBXSourcesBuildPhase;
			buildActionMask = 2147483647;
			files = (
				AA8D47F32771B2F000FB0749 /* Image_DrawerUITests.swift in Sources */,
				AA8D47F52771B2F000FB0749 /* Image_DrawerUITestsLaunchTests.swift in Sources */,
			);
			runOnlyForDeploymentPostprocessing = 0;
		};
/* End PBXSourcesBuildPhase section */

/* Begin PBXTargetDependency section */
		AA8D47E62771B2F000FB0749 /* PBXTargetDependency */ = {
			isa = PBXTargetDependency;
			target = AA8D47CD2771B2EE00FB0749 /* Image Drawer */;
			targetProxy = AA8D47E52771B2F000FB0749 /* PBXContainerItemProxy */;
		};
		AA8D47F02771B2F000FB0749 /* PBXTargetDependency */ = {
			isa = PBXTargetDependency;
			target = AA8D47CD2771B2EE00FB0749 /* Image Drawer */;
			targetProxy = AA8D47EF2771B2F000FB0749 /* PBXContainerItemProxy */;
		};
/* End PBXTargetDependency section */

/* Begin PBXVariantGroup section */
		AA8D47D72771B2EE00FB0749 /* Main.storyboard */ = {
			isa = PBXVariantGroup;
			children = (
				AA8D47D82771B2EE00FB0749 /* Base */,
			);
			name = Main.storyboard;
			sourceTree = "<group>";
		};
		AA8D47DC2771B2EF00FB0749 /* LaunchScreen.storyboard */ = {
			isa = PBXVariantGroup;
			children = (
				AA8D47DD2771B2EF00FB0749 /* Base */,
			);
			name = LaunchScreen.storyboard;
			sourceTree = "<group>";
		};
/* End PBXVariantGroup section */

/* Begin XCBuildConfiguration section */
		AA8D47F62771B2F000FB0749 /* Debug */ = {
			isa = XCBuildConfiguration;
			buildSettings = {
				ALWAYS_SEARCH_USER_PATHS = NO;
				CLANG_ANALYZER_NONNULL = YES;
				CLANG_ANALYZER_NUMBER_OBJECT_CONVERSION = YES_AGGRESSIVE;
				CLANG_CXX_LANGUAGE_STANDARD = "gnu++17";
				CLANG_CXX_LIBRARY = "libc++";
				CLANG_ENABLE_MODULES = YES;
				CLANG_ENABLE_OBJC_ARC = YES;
				CLANG_ENABLE_OBJC_WEAK = YES;
				CLANG_WARN_BLOCK_CAPTURE_AUTORELEASING = YES;
				CLANG_WARN_BOOL_CONVERSION = YES;
				CLANG_WARN_COMMA = YES;
				CLANG_WARN_CONSTANT_CONVERSION = YES;
				CLANG_WARN_DEPRECATED_OBJC_IMPLEMENTATIONS = YES;
				CLANG_WARN_DIRECT_OBJC_ISA_USAGE = YES_ERROR;
				CLANG_WARN_DOCUMENTATION_COMMENTS = YES;
				CLANG_WARN_EMPTY_BODY = YES;
				CLANG_WARN_ENUM_CONVERSION = YES;
				CLANG_WARN_INFINITE_RECURSION = YES;
				CLANG_WARN_INT_CONVERSION = YES;
				CLANG_WARN_NON_LITERAL_NULL_CONVERSION = YES;
				CLANG_WARN_OBJC_IMPLICIT_RETAIN_SELF = YES;
				CLANG_WARN_OBJC_LITERAL_CONVERSION = YES;
				CLANG_WARN_OBJC_ROOT_CLASS = YES_ERROR;
				CLANG_WARN_QUOTED_INCLUDE_IN_FRAMEWORK_HEADER = YES;
				CLANG_WARN_RANGE_LOOP_ANALYSIS = YES;
				CLANG_WARN_STRICT_PROTOTYPES = YES;
				CLANG_WARN_SUSPICIOUS_MOVE = YES;
				CLANG_WARN_UNGUARDED_AVAILABILITY = YES_AGGRESSIVE;
				CLANG_WARN_UNREACHABLE_CODE = YES;
				CLANG_WARN__DUPLICATE_METHOD_MATCH = YES;
				COPY_PHASE_STRIP = NO;
				DEBUG_INFORMATION_FORMAT = dwarf;
				ENABLE_STRICT_OBJC_MSGSEND = YES;
				ENABLE_TESTABILITY = YES;
				GCC_C_LANGUAGE_STANDARD = gnu11;
				GCC_DYNAMIC_NO_PIC = NO;
				GCC_NO_COMMON_BLOCKS = YES;
				GCC_OPTIMIZATION_LEVEL = 0;
				GCC_PREPROCESSOR_DEFINITIONS = (
					"DEBUG=1",
					"$(inherited)",
				);
				GCC_WARN_64_TO_32_BIT_CONVERSION = YES;
				GCC_WARN_ABOUT_RETURN_TYPE = YES_ERROR;
				GCC_WARN_UNDECLARED_SELECTOR = YES;
				GCC_WARN_UNINITIALIZED_AUTOS = YES_AGGRESSIVE;
				GCC_WARN_UNUSED_FUNCTION = YES;
				GCC_WARN_UNUSED_VARIABLE = YES;
				IPHONEOS_DEPLOYMENT_TARGET = 15.0;
				MTL_ENABLE_DEBUG_INFO = INCLUDE_SOURCE;
				MTL_FAST_MATH = YES;
				ONLY_ACTIVE_ARCH = YES;
				SDKROOT = iphoneos;
				SWIFT_ACTIVE_COMPILATION_CONDITIONS = DEBUG;
				SWIFT_OPTIMIZATION_LEVEL = "-Onone";
			};
			name = Debug;
		};
		AA8D47F72771B2F000FB0749 /* Release */ = {
			isa = XCBuildConfiguration;
			buildSettings = {
				ALWAYS_SEARCH_USER_PATHS = NO;
				CLANG_ANALYZER_NONNULL = YES;
				CLANG_ANALYZER_NUMBER_OBJECT_CONVERSION = YES_AGGRESSIVE;
				CLANG_CXX_LANGUAGE_STANDARD = "gnu++17";
				CLANG_CXX_LIBRARY = "libc++";
				CLANG_ENABLE_MODULES = YES;
				CLANG_ENABLE_OBJC_ARC = YES;
				CLANG_ENABLE_OBJC_WEAK = YES;
				CLANG_WARN_BLOCK_CAPTURE_AUTORELEASING = YES;
				CLANG_WARN_BOOL_CONVERSION = YES;
				CLANG_WARN_COMMA = YES;
				CLANG_WARN_CONSTANT_CONVERSION = YES;
				CLANG_WARN_DEPRECATED_OBJC_IMPLEMENTATIONS = YES;
				CLANG_WARN_DIRECT_OBJC_ISA_USAGE = YES_ERROR;
				CLANG_WARN_DOCUMENTATION_COMMENTS = YES;
				CLANG_WARN_EMPTY_BODY = YES;
				CLANG_WARN_ENUM_CONVERSION = YES;
				CLANG_WARN_INFINITE_RECURSION = YES;
				CLANG_WARN_INT_CONVERSION = YES;
				CLANG_WARN_NON_LITERAL_NULL_CONVERSION = YES;
				CLANG_WARN_OBJC_IMPLICIT_RETAIN_SELF = YES;
				CLANG_WARN_OBJC_LITERAL_CONVERSION = YES;
				CLANG_WARN_OBJC_ROOT_CLASS = YES_ERROR;
				CLANG_WARN_QUOTED_INCLUDE_IN_FRAMEWORK_HEADER = YES;
				CLANG_WARN_RANGE_LOOP_ANALYSIS = YES;
				CLANG_WARN_STRICT_PROTOTYPES = YES;
				CLANG_WARN_SUSPICIOUS_MOVE = YES;
				CLANG_WARN_UNGUARDED_AVAILABILITY = YES_AGGRESSIVE;
				CLANG_WARN_UNREACHABLE_CODE = YES;
				CLANG_WARN__DUPLICATE_METHOD_MATCH = YES;
				COPY_PHASE_STRIP = NO;
				DEBUG_INFORMATION_FORMAT = "dwarf-with-dsym";
				ENABLE_NS_ASSERTIONS = NO;
				ENABLE_STRICT_OBJC_MSGSEND = YES;
				GCC_C_LANGUAGE_STANDARD = gnu11;
				GCC_NO_COMMON_BLOCKS = YES;
				GCC_WARN_64_TO_32_BIT_CONVERSION = YES;
				GCC_WARN_ABOUT_RETURN_TYPE = YES_ERROR;
				GCC_WARN_UNDECLARED_SELECTOR = YES;
				GCC_WARN_UNINITIALIZED_AUTOS = YES_AGGRESSIVE;
				GCC_WARN_UNUSED_FUNCTION = YES;
				GCC_WARN_UNUSED_VARIABLE = YES;
				IPHONEOS_DEPLOYMENT_TARGET = 15.0;
				MTL_ENABLE_DEBUG_INFO = NO;
				MTL_FAST_MATH = YES;
				SDKROOT = iphoneos;
				SWIFT_COMPILATION_MODE = wholemodule;
				SWIFT_OPTIMIZATION_LEVEL = "-O";
				VALIDATE_PRODUCT = YES;
			};
			name = Release;
		};
		AA8D47F92771B2F000FB0749 /* Debug */ = {
			isa = XCBuildConfiguration;
			buildSettings = {
				ASSETCATALOG_COMPILER_APPICON_NAME = AppIcon;
				ASSETCATALOG_COMPILER_GLOBAL_ACCENT_COLOR_NAME = AccentColor;
				CODE_SIGN_STYLE = Automatic;
				CURRENT_PROJECT_VERSION = 1;
				GENERATE_INFOPLIST_FILE = YES;
				INFOPLIST_FILE = "Image Drawer/Info.plist";
				INFOPLIST_KEY_CFBundleDisplayName = "Z Image Drawer";
				INFOPLIST_KEY_UIApplicationSupportsIndirectInputEvents = YES;
				INFOPLIST_KEY_UILaunchStoryboardName = LaunchScreen;
				INFOPLIST_KEY_UIMainStoryboardFile = Main;
				INFOPLIST_KEY_UISupportedInterfaceOrientations = UIInterfaceOrientationPortrait;
				INFOPLIST_KEY_UISupportedInterfaceOrientations_iPad = "UIInterfaceOrientationPortrait UIInterfaceOrientationPortraitUpsideDown UIInterfaceOrientationLandscapeLeft UIInterfaceOrientationLandscapeRight";
				INFOPLIST_KEY_UISupportedInterfaceOrientations_iPhone = "UIInterfaceOrientationPortrait UIInterfaceOrientationLandscapeLeft UIInterfaceOrientationLandscapeRight";
				LD_RUNPATH_SEARCH_PATHS = (
					"$(inherited)",
					"@executable_path/Frameworks",
				);
				MARKETING_VERSION = 1.0;
				PRODUCT_BUNDLE_IDENTIFIER = "com.zfirozenstudio.Image-Drawer";
				PRODUCT_NAME = "$(TARGET_NAME)";
				SWIFT_EMIT_LOC_STRINGS = YES;
				SWIFT_VERSION = 5.0;
				TARGETED_DEVICE_FAMILY = "1,2";
			};
			name = Debug;
		};
		AA8D47FA2771B2F000FB0749 /* Release */ = {
			isa = XCBuildConfiguration;
			buildSettings = {
				ASSETCATALOG_COMPILER_APPICON_NAME = AppIcon;
				ASSETCATALOG_COMPILER_GLOBAL_ACCENT_COLOR_NAME = AccentColor;
				CODE_SIGN_STYLE = Automatic;
				CURRENT_PROJECT_VERSION = 1;
				GENERATE_INFOPLIST_FILE = YES;
				INFOPLIST_FILE = "Image Drawer/Info.plist";
				INFOPLIST_KEY_CFBundleDisplayName = "Z Image Drawer";
				INFOPLIST_KEY_UIApplicationSupportsIndirectInputEvents = YES;
				INFOPLIST_KEY_UILaunchStoryboardName = LaunchScreen;
				INFOPLIST_KEY_UIMainStoryboardFile = Main;
				INFOPLIST_KEY_UISupportedInterfaceOrientations = UIInterfaceOrientationPortrait;
				INFOPLIST_KEY_UISupportedInterfaceOrientations_iPad = "UIInterfaceOrientationPortrait UIInterfaceOrientationPortraitUpsideDown UIInterfaceOrientationLandscapeLeft UIInterfaceOrientationLandscapeRight";
				INFOPLIST_KEY_UISupportedInterfaceOrientations_iPhone = "UIInterfaceOrientationPortrait UIInterfaceOrientationLandscapeLeft UIInterfaceOrientationLandscapeRight";
				LD_RUNPATH_SEARCH_PATHS = (
					"$(inherited)",
					"@executable_path/Frameworks",
				);
				MARKETING_VERSION = 1.0;
				PRODUCT_BUNDLE_IDENTIFIER = "com.zfirozenstudio.Image-Drawer";
				PRODUCT_NAME = "$(TARGET_NAME)";
				SWIFT_EMIT_LOC_STRINGS = YES;
				SWIFT_VERSION = 5.0;
				TARGETED_DEVICE_FAMILY = "1,2";
			};
			name = Release;
		};
		AA8D47FC2771B2F000FB0749 /* Debug */ = {
			isa = XCBuildConfiguration;
			buildSettings = {
				ALWAYS_EMBED_SWIFT_STANDARD_LIBRARIES = YES;
				BUNDLE_LOADER = "$(TEST_HOST)";
				CODE_SIGN_STYLE = Automatic;
				CURRENT_PROJECT_VERSION = 1;
				GENERATE_INFOPLIST_FILE = YES;
				IPHONEOS_DEPLOYMENT_TARGET = 15.0;
				LD_RUNPATH_SEARCH_PATHS = (
					"$(inherited)",
					"@executable_path/Frameworks",
					"@loader_path/Frameworks",
				);
				MARKETING_VERSION = 1.0;
				PRODUCT_BUNDLE_IDENTIFIER = "com.zfirozenstudio.Image-DrawerTests";
				PRODUCT_NAME = "$(TARGET_NAME)";
				SWIFT_EMIT_LOC_STRINGS = NO;
				SWIFT_VERSION = 5.0;
				TARGETED_DEVICE_FAMILY = "1,2";
				TEST_HOST = "$(BUILT_PRODUCTS_DIR)/Image Drawer.app/Image Drawer";
			};
			name = Debug;
		};
		AA8D47FD2771B2F000FB0749 /* Release */ = {
			isa = XCBuildConfiguration;
			buildSettings = {
				ALWAYS_EMBED_SWIFT_STANDARD_LIBRARIES = YES;
				BUNDLE_LOADER = "$(TEST_HOST)";
				CODE_SIGN_STYLE = Automatic;
				CURRENT_PROJECT_VERSION = 1;
				GENERATE_INFOPLIST_FILE = YES;
				IPHONEOS_DEPLOYMENT_TARGET = 15.0;
				LD_RUNPATH_SEARCH_PATHS = (
					"$(inherited)",
					"@executable_path/Frameworks",
					"@loader_path/Frameworks",
				);
				MARKETING_VERSION = 1.0;
				PRODUCT_BUNDLE_IDENTIFIER = "com.zfirozenstudio.Image-DrawerTests";
				PRODUCT_NAME = "$(TARGET_NAME)";
				SWIFT_EMIT_LOC_STRINGS = NO;
				SWIFT_VERSION = 5.0;
				TARGETED_DEVICE_FAMILY = "1,2";
				TEST_HOST = "$(BUILT_PRODUCTS_DIR)/Image Drawer.app/Image Drawer";
			};
			name = Release;
		};
		AA8D47FF2771B2F000FB0749 /* Debug */ = {
			isa = XCBuildConfiguration;
			buildSettings = {
				ALWAYS_EMBED_SWIFT_STANDARD_LIBRARIES = YES;
				CODE_SIGN_STYLE = Automatic;
				CURRENT_PROJECT_VERSION = 1;
				GENERATE_INFOPLIST_FILE = YES;
				LD_RUNPATH_SEARCH_PATHS = (
					"$(inherited)",
					"@executable_path/Frameworks",
					"@loader_path/Frameworks",
				);
				MARKETING_VERSION = 1.0;
				PRODUCT_BUNDLE_IDENTIFIER = "com.zfirozenstudio.Image-DrawerUITests";
				PRODUCT_NAME = "$(TARGET_NAME)";
				SWIFT_EMIT_LOC_STRINGS = NO;
				SWIFT_VERSION = 5.0;
				TARGETED_DEVICE_FAMILY = "1,2";
				TEST_TARGET_NAME = "Image Drawer";
			};
			name = Debug;
		};
		AA8D48002771B2F000FB0749 /* Release */ = {
			isa = XCBuildConfiguration;
			buildSettings = {
				ALWAYS_EMBED_SWIFT_STANDARD_LIBRARIES = YES;
				CODE_SIGN_STYLE = Automatic;
				CURRENT_PROJECT_VERSION = 1;
				GENERATE_INFOPLIST_FILE = YES;
				LD_RUNPATH_SEARCH_PATHS = (
					"$(inherited)",
					"@executable_path/Frameworks",
					"@loader_path/Frameworks",
				);
				MARKETING_VERSION = 1.0;
				PRODUCT_BUNDLE_IDENTIFIER = "com.zfirozenstudio.Image-DrawerUITests";
				PRODUCT_NAME = "$(TARGET_NAME)";
				SWIFT_EMIT_LOC_STRINGS = NO;
				SWIFT_VERSION = 5.0;
				TARGETED_DEVICE_FAMILY = "1,2";
				TEST_TARGET_NAME = "Image Drawer";
			};
			name = Release;
		};
/* End XCBuildConfiguration section */

/* Begin XCConfigurationList section */
		AA8D47C92771B2EE00FB0749 /* Build configuration list for PBXProject "Image Drawer" */ = {
			isa = XCConfigurationList;
			buildConfigurations = (
				AA8D47F62771B2F000FB0749 /* Debug */,
				AA8D47F72771B2F000FB0749 /* Release */,
			);
			defaultConfigurationIsVisible = 0;
			defaultConfigurationName = Release;
		};
		AA8D47F82771B2F000FB0749 /* Build configuration list for PBXNativeTarget "Image Drawer" */ = {
			isa = XCConfigurationList;
			buildConfigurations = (
				AA8D47F92771B2F000FB0749 /* Debug */,
				AA8D47FA2771B2F000FB0749 /* Release */,
			);
			defaultConfigurationIsVisible = 0;
			defaultConfigurationName = Release;
		};
		AA8D47FB2771B2F000FB0749 /* Build configuration list for PBXNativeTarget "Image DrawerTests" */ = {
			isa = XCConfigurationList;
			buildConfigurations = (
				AA8D47FC2771B2F000FB0749 /* Debug */,
				AA8D47FD2771B2F000FB0749 /* Release */,
			);
			defaultConfigurationIsVisible = 0;
			defaultConfigurationName = Release;
		};
		AA8D47FE2771B2F000FB0749 /* Build configuration list for PBXNativeTarget "Image DrawerUITests" */ = {
			isa = XCConfigurationList;
			buildConfigurations = (
				AA8D47FF2771B2F000FB0749 /* Debug */,
				AA8D48002771B2F000FB0749 /* Release */,
			);
			defaultConfigurationIsVisible = 0;
			defaultConfigurationName = Release;
		};
/* End XCConfigurationList section */
	};
	rootObject = AA8D47C62771B2EE00FB0749 /* Project object */;
}
